
Microsoft Visual Studio Solution File, Format Version 12.00
Project("{FAE04EC0-301F-11D3-BF4B-00C04F79EFBC}") = "StartUp", "StartUp\StartUp.csproj", "{E43472D5-71E1-4ACD-AD23-0604D14B7084}"
EndProject
Project("{FAE04EC0-301F-11D3-BF4B-00C04F79EFBC}") = "Application", "Application\Application.csproj", "{C05E940A-8AAA-4772-8F00-2F575243E225}"
EndProject
Project("{2150E333-8FDC-42A3-9474-1A3956D46DE8}") = "Drivings", "Drivings", "{AB69FB6C-D282-451B-8BB6-BA213DDEBDAA}"
EndProject
Project("{2150E333-8FDC-42A3-9474-1A3956D46DE8}") = "Drivens", "Drivens", "{107342E3-9E80-498D-8A1E-FB71BFCCD528}"
EndProject
Project("{FAE04EC0-301F-11D3-BF4B-00C04F79EFBC}") = "PrimaryDatabase", "Drivens\PrimaryDatabase\PrimaryDatabase.csproj", "{C238999B-1C0D-4E0E-8E3D-92FAF6D6A420}"
EndProject
Project("{FAE04EC0-301F-11D3-BF4B-00C04F79EFBC}") = "RestfulApi", "Drivings\RestfulApi\RestfulApi.csproj", "{7C231842-9D1F-4E3C-BE47-25C8A07A9649}"
EndProject
Project("{FAE04EC0-301F-11D3-BF4B-00C04F79EFBC}") = "IdentityService", "Drivens\IdentityService\IdentityService.csproj", "{5934E65E-BD83-456F-B6E5-3DBAE11B0A5E}"
EndProject
Global
	GlobalSection(SolutionConfigurationPlatforms) = preSolution
		Debug|Any CPU = Debug|Any CPU
		Release|Any CPU = Release|Any CPU
	EndGlobalSection
	GlobalSection(ProjectConfigurationPlatforms) = postSolution
		{E43472D5-71E1-4ACD-AD23-0604D14B7084}.Debug|Any CPU.ActiveCfg = Debug|Any CPU
		{E43472D5-71E1-4ACD-AD23-0604D14B7084}.Debug|Any CPU.Build.0 = Debug|Any CPU
		{E43472D5-71E1-4ACD-AD23-0604D14B7084}.Release|Any CPU.ActiveCfg = Release|Any CPU
		{E43472D5-71E1-4ACD-AD23-0604D14B7084}.Release|Any CPU.Build.0 = Release|Any CPU
		{C05E940A-8AAA-4772-8F00-2F575243E225}.Debug|Any CPU.ActiveCfg = Debug|Any CPU
		{C05E940A-8AAA-4772-8F00-2F575243E225}.Debug|Any CPU.Build.0 = Debug|Any CPU
		{C05E940A-8AAA-4772-8F00-2F575243E225}.Release|Any CPU.ActiveCfg = Release|Any CPU
		{C05E940A-8AAA-4772-8F00-2F575243E225}.Release|Any CPU.Build.0 = Release|Any CPU
		{C238999B-1C0D-4E0E-8E3D-92FAF6D6A420}.Debug|Any CPU.ActiveCfg = Debug|Any CPU
		{C238999B-1C0D-4E0E-8E3D-92FAF6D6A420}.Debug|Any CPU.Build.0 = Debug|Any CPU
		{C238999B-1C0D-4E0E-8E3D-92FAF6D6A420}.Release|Any CPU.ActiveCfg = Release|Any CPU
		{C238999B-1C0D-4E0E-8E3D-92FAF6D6A420}.Release|Any CPU.Build.0 = Release|Any CPU
		{7C231842-9D1F-4E3C-BE47-25C8A07A9649}.Debug|Any CPU.ActiveCfg = Debug|Any CPU
		{7C231842-9D1F-4E3C-BE47-25C8A07A9649}.Debug|Any CPU.Build.0 = Debug|Any CPU
		{7C231842-9D1F-4E3C-BE47-25C8A07A9649}.Release|Any CPU.ActiveCfg = Release|Any CPU
		{7C231842-9D1F-4E3C-BE47-25C8A07A9649}.Release|Any CPU.Build.0 = Release|Any CPU
		{5934E65E-BD83-456F-B6E5-3DBAE11B0A5E}.Debug|Any CPU.ActiveCfg = Debug|Any CPU
		{5934E65E-BD83-456F-B6E5-3DBAE11B0A5E}.Debug|Any CPU.Build.0 = Debug|Any CPU
		{5934E65E-BD83-456F-B6E5-3DBAE11B0A5E}.Release|Any CPU.ActiveCfg = Release|Any CPU
		{5934E65E-BD83-456F-B6E5-3DBAE11B0A5E}.Release|Any CPU.Build.0 = Release|Any CPU
	EndGlobalSection
	GlobalSection(NestedProjects) = preSolution
		{C238999B-1C0D-4E0E-8E3D-92FAF6D6A420} = {107342E3-9E80-498D-8A1E-FB71BFCCD528}
		{7C231842-9D1F-4E3C-BE47-25C8A07A9649} = {AB69FB6C-D282-451B-8BB6-BA213DDEBDAA}
		{5934E65E-BD83-456F-B6E5-3DBAE11B0A5E} = {107342E3-9E80-498D-8A1E-FB71BFCCD528}
	EndGlobalSection
EndGlobal
